# THIS IS AN AUTOGENERATED FILE. DO NOT EDIT THIS FILE DIRECTLY.
# yarn lockfile v1


echarts-for-react@^2.0.8:
  version "2.0.8"
  resolved "http://registry.npm.taobao.org/echarts-for-react/download/echarts-for-react-2.0.8.tgz#cf56641d8a3bc50852310aeec06a464c4fc72b67"
  dependencies:
    element-resize-event "2.0.9"

echarts@^4.0.4:
  version "4.0.4"
  resolved "http://registry.npm.taobao.org/echarts/download/echarts-4.0.4.tgz#36aa8a47d33543d3dfe6a7bc1228ddc3a1e41157"
  dependencies:
    zrender "4.0.3"

element-resize-event@2.0.9:
  version "2.0.9"
  resolved "http://registry.npm.taobao.org/element-resize-event/download/element-resize-event-2.0.9.tgz#2f5e1581a296eb5275210c141bc56342e218f876"

zrender@4.0.3:
  version "4.0.3"
  resolved "http://registry.npm.taobao.org/zrender/download/zrender-4.0.3.tgz#801ef001101750a61857f84e64c4d5fb3c88cca7"
